// !$*UTF8*$!
{
	archiveVersion = 1;
	classes = {
	};
	objectVersion = 46;
	objects = {

/* Begin PBXBuildFile section */
		235D0C2219783E8D003051F7 /* Foundation.framework in Frameworks */ = {isa = PBXBuildFile; fileRef = 235D0C2119783E8D003051F7 /* Foundation.framework */; };
		235D0C2419783E8D003051F7 /* CoreGraphics.framework in Frameworks */ = {isa = PBXBuildFile; fileRef = 235D0C2319783E8D003051F7 /* CoreGraphics.framework */; };
		235D0C2619783E8D003051F7 /* UIKit.framework in Frameworks */ = {isa = PBXBuildFile; fileRef = 235D0C2519783E8D003051F7 /* UIKit.framework */; };
		235D0C2C19783E8D003051F7 /* InfoPlist.strings in Resources */ = {isa = PBXBuildFile; fileRef = 235D0C2A19783E8D003051F7 /* InfoPlist.strings */; };
		235D0C2E19783E8D003051F7 /* main.m in Sources */ = {isa = PBXBuildFile; fileRef = 235D0C2D19783E8D003051F7 /* main.m */; };
		235D0C3219783E8D003051F7 /* BNRAppDelegate.m in Sources */ = {isa = PBXBuildFile; fileRef = 235D0C3119783E8D003051F7 /* BNRAppDelegate.m */; };
		235D0C3419783E8D003051F7 /* Images.xcassets in Resources */ = {isa = PBXBuildFile; fileRef = 235D0C3319783E8D003051F7 /* Images.xcassets */; };
		235D0C3B19783E8D003051F7 /* XCTest.framework in Frameworks */ = {isa = PBXBuildFile; fileRef = 235D0C3A19783E8D003051F7 /* XCTest.framework */; };
		235D0C3C19783E8D003051F7 /* Foundation.framework in Frameworks */ = {isa = PBXBuildFile; fileRef = 235D0C2119783E8D003051F7 /* Foundation.framework */; };
		235D0C3D19783E8D003051F7 /* UIKit.framework in Frameworks */ = {isa = PBXBuildFile; fileRef = 235D0C2519783E8D003051F7 /* UIKit.framework */; };
		235D0C4519783E8D003051F7 /* InfoPlist.strings in Resources */ = {isa = PBXBuildFile; fileRef = 235D0C4319783E8D003051F7 /* InfoPlist.strings */; };
		235D0C4719783E8D003051F7 /* NerdfeedTests.m in Sources */ = {isa = PBXBuildFile; fileRef = 235D0C4619783E8D003051F7 /* NerdfeedTests.m */; };
		235D0C5219783EB7003051F7 /* BNRCoursesViewController.m in Sources */ = {isa = PBXBuildFile; fileRef = 235D0C5119783EB7003051F7 /* BNRCoursesViewController.m */; };
		235D0C5819784CA9003051F7 /* BNRWebViewController.m in Sources */ = {isa = PBXBuildFile; fileRef = 235D0C5719784CA9003051F7 /* BNRWebViewController.m */; };
/* End PBXBuildFile section */

/* Begin PBXContainerItemProxy section */
		235D0C3E19783E8D003051F7 /* PBXContainerItemProxy */ = {
			isa = PBXContainerItemProxy;
			containerPortal = 235D0C1619783E8D003051F7 /* Project object */;
			proxyType = 1;
			remoteGlobalIDString = 235D0C1D19783E8D003051F7;
			remoteInfo = Nerdfeed;
		};
/* End PBXContainerItemProxy section */

/* Begin PBXFileReference section */
		235D0C1E19783E8D003051F7 /* Nerdfeed.app */ = {isa = PBXFileReference; explicitFileType = wrapper.application; includeInIndex = 0; path = Nerdfeed.app; sourceTree = BUILT_PRODUCTS_DIR; };
		235D0C2119783E8D003051F7 /* Foundation.framework */ = {isa = PBXFileReference; lastKnownFileType = wrapper.framework; name = Foundation.framework; path = System/Library/Frameworks/Foundation.framework; sourceTree = SDKROOT; };
		235D0C2319783E8D003051F7 /* CoreGraphics.framework */ = {isa = PBXFileReference; lastKnownFileType = wrapper.framework; name = CoreGraphics.framework; path = System/Library/Frameworks/CoreGraphics.framework; sourceTree = SDKROOT; };
		235D0C2519783E8D003051F7 /* UIKit.framework */ = {isa = PBXFileReference; lastKnownFileType = wrapper.framework; name = UIKit.framework; path = System/Library/Frameworks/UIKit.framework; sourceTree = SDKROOT; };
		235D0C2919783E8D003051F7 /* Nerdfeed-Info.plist */ = {isa = PBXFileReference; lastKnownFileType = text.plist.xml; path = "Nerdfeed-Info.plist"; sourceTree = "<group>"; };
		235D0C2B19783E8D003051F7 /* en */ = {isa = PBXFileReference; lastKnownFileType = text.plist.strings; name = en; path = en.lproj/InfoPlist.strings; sourceTree = "<group>"; };
		235D0C2D19783E8D003051F7 /* main.m */ = {isa = PBXFileReference; lastKnownFileType = sourcecode.c.objc; path = main.m; sourceTree = "<group>"; };
		235D0C2F19783E8D003051F7 /* Nerdfeed-Prefix.pch */ = {isa = PBXFileReference; lastKnownFileType = sourcecode.c.h; path = "Nerdfeed-Prefix.pch"; sourceTree = "<group>"; };
		235D0C3019783E8D003051F7 /* BNRAppDelegate.h */ = {isa = PBXFileReference; lastKnownFileType = sourcecode.c.h; path = BNRAppDelegate.h; sourceTree = "<group>"; };
		235D0C3119783E8D003051F7 /* BNRAppDelegate.m */ = {isa = PBXFileReference; lastKnownFileType = sourcecode.c.objc; path = BNRAppDelegate.m; sourceTree = "<group>"; };
		235D0C3319783E8D003051F7 /* Images.xcassets */ = {isa = PBXFileReference; lastKnownFileType = folder.assetcatalog; path = Images.xcassets; sourceTree = "<group>"; };
		235D0C3919783E8D003051F7 /* NerdfeedTests.xctest */ = {isa = PBXFileReference; explicitFileType = wrapper.cfbundle; includeInIndex = 0; path = NerdfeedTests.xctest; sourceTree = BUILT_PRODUCTS_DIR; };
		235D0C3A19783E8D003051F7 /* XCTest.framework */ = {isa = PBXFileReference; lastKnownFileType = wrapper.framework; name = XCTest.framework; path = Library/Frameworks/XCTest.framework; sourceTree = DEVELOPER_DIR; };
		235D0C4219783E8D003051F7 /* NerdfeedTests-Info.plist */ = {isa = PBXFileReference; lastKnownFileType = text.plist.xml; path = "NerdfeedTests-Info.plist"; sourceTree = "<group>"; };
		235D0C4419783E8D003051F7 /* en */ = {isa = PBXFileReference; lastKnownFileType = text.plist.strings; name = en; path = en.lproj/InfoPlist.strings; sourceTree = "<group>"; };
		235D0C4619783E8D003051F7 /* NerdfeedTests.m */ = {isa = PBXFileReference; lastKnownFileType = sourcecode.c.objc; path = NerdfeedTests.m; sourceTree = "<group>"; };
		235D0C5019783EB7003051F7 /* BNRCoursesViewController.h */ = {isa = PBXFileReference; fileEncoding = 4; lastKnownFileType = sourcecode.c.h; name = BNRCoursesViewController.h; path = ../BNRCoursesViewController.h; sourceTree = "<group>"; };
		235D0C5119783EB7003051F7 /* BNRCoursesViewController.m */ = {isa = PBXFileReference; fileEncoding = 4; lastKnownFileType = sourcecode.c.objc; name = BNRCoursesViewController.m; path = ../BNRCoursesViewController.m; sourceTree = "<group>"; };
		235D0C5619784CA9003051F7 /* BNRWebViewController.h */ = {isa = PBXFileReference; fileEncoding = 4; lastKnownFileType = sourcecode.c.h; path = BNRWebViewController.h; sourceTree = "<group>"; };
		235D0C5719784CA9003051F7 /* BNRWebViewController.m */ = {isa = PBXFileReference; fileEncoding = 4; lastKnownFileType = sourcecode.c.objc; path = BNRWebViewController.m; sourceTree = "<group>"; };
/* End PBXFileReference section */

/* Begin PBXFrameworksBuildPhase section */
		235D0C1B19783E8D003051F7 /* Frameworks */ = {
			isa = PBXFrameworksBuildPhase;
			buildActionMask = 2147483647;
			files = (
				235D0C2419783E8D003051F7 /* CoreGraphics.framework in Frameworks */,
				235D0C2619783E8D003051F7 /* UIKit.framework in Frameworks */,
				235D0C2219783E8D003051F7 /* Foundation.framework in Frameworks */,
			);
			runOnlyForDeploymentPostprocessing = 0;
		};
		235D0C3619783E8D003051F7 /* Frameworks */ = {
			isa = PBXFrameworksBuildPhase;
			buildActionMask = 2147483647;
			files = (
				235D0C3B19783E8D003051F7 /* XCTest.framework in Frameworks */,
				235D0C3D19783E8D003051F7 /* UIKit.framework in Frameworks */,
				235D0C3C19783E8D003051F7 /* Foundation.framework in Frameworks */,
			);
			runOnlyForDeploymentPostprocessing = 0;
		};
/* End PBXFrameworksBuildPhase section */

/* Begin PBXGroup section */
		235D0C1519783E8D003051F7 = {
			isa = PBXGroup;
			children = (
				235D0C2719783E8D003051F7 /* Nerdfeed */,
				235D0C4019783E8D003051F7 /* NerdfeedTests */,
				235D0C2019783E8D003051F7 /* Frameworks */,
				235D0C1F19783E8D003051F7 /* Products */,
			);
			sourceTree = "<group>";
		};
		235D0C1F19783E8D003051F7 /* Products */ = {
			isa = PBXGroup;
			children = (
				235D0C1E19783E8D003051F7 /* Nerdfeed.app */,
				235D0C3919783E8D003051F7 /* NerdfeedTests.xctest */,
			);
			name = Products;
			sourceTree = "<group>";
		};
		235D0C2019783E8D003051F7 /* Frameworks */ = {
			isa = PBXGroup;
			children = (
				235D0C2119783E8D003051F7 /* Foundation.framework */,
				235D0C2319783E8D003051F7 /* CoreGraphics.framework */,
				235D0C2519783E8D003051F7 /* UIKit.framework */,
				235D0C3A19783E8D003051F7 /* XCTest.framework */,
			);
			name = Frameworks;
			sourceTree = "<group>";
		};
		235D0C2719783E8D003051F7 /* Nerdfeed */ = {
			isa = PBXGroup;
			children = (
				235D0C5619784CA9003051F7 /* BNRWebViewController.h */,
				235D0C5719784CA9003051F7 /* BNRWebViewController.m */,
				235D0C5019783EB7003051F7 /* BNRCoursesViewController.h */,
				235D0C5119783EB7003051F7 /* BNRCoursesViewController.m */,
				235D0C3019783E8D003051F7 /* BNRAppDelegate.h */,
				235D0C3119783E8D003051F7 /* BNRAppDelegate.m */,
				235D0C3319783E8D003051F7 /* Images.xcassets */,
				235D0C2819783E8D003051F7 /* Supporting Files */,
			);
			path = Nerdfeed;
			sourceTree = "<group>";
		};
		235D0C2819783E8D003051F7 /* Supporting Files */ = {
			isa = PBXGroup;
			children = (
				235D0C2919783E8D003051F7 /* Nerdfeed-Info.plist */,
				235D0C2A19783E8D003051F7 /* InfoPlist.strings */,
				235D0C2D19783E8D003051F7 /* main.m */,
				235D0C2F19783E8D003051F7 /* Nerdfeed-Prefix.pch */,
			);
			name = "Supporting Files";
			sourceTree = "<group>";
		};
		235D0C4019783E8D003051F7 /* NerdfeedTests */ = {
			isa = PBXGroup;
			children = (
				235D0C4619783E8D003051F7 /* NerdfeedTests.m */,
				235D0C4119783E8D003051F7 /* Supporting Files */,
			);
			path = NerdfeedTests;
			sourceTree = "<group>";
		};
		235D0C4119783E8D003051F7 /* Supporting Files */ = {
			isa = PBXGroup;
			children = (
				235D0C4219783E8D003051F7 /* NerdfeedTests-Info.plist */,
				235D0C4319783E8D003051F7 /* InfoPlist.strings */,
			);
			name = "Supporting Files";
			sourceTree = "<group>";
		};
/* End PBXGroup section */

/* Begin PBXNativeTarget section */
		235D0C1D19783E8D003051F7 /* Nerdfeed */ = {
			isa = PBXNativeTarget;
			buildConfigurationList = 235D0C4A19783E8D003051F7 /* Build configuration list for PBXNativeTarget "Nerdfeed" */;
			buildPhases = (
				235D0C1A19783E8D003051F7 /* Sources */,
				235D0C1B19783E8D003051F7 /* Frameworks */,
				235D0C1C19783E8D003051F7 /* Resources */,
			);
			buildRules = (
			);
			dependencies = (
			);
			name = Nerdfeed;
			productName = Nerdfeed;
			productReference = 235D0C1E19783E8D003051F7 /* Nerdfeed.app */;
			productType = "com.apple.product-type.application";
		};
		235D0C3819783E8D003051F7 /* NerdfeedTests */ = {
			isa = PBXNativeTarget;
			buildConfigurationList = 235D0C4D19783E8D003051F7 /* Build configuration list for PBXNativeTarget "NerdfeedTests" */;
			buildPhases = (
				235D0C3519783E8D003051F7 /* Sources */,
				235D0C3619783E8D003051F7 /* Frameworks */,
				235D0C3719783E8D003051F7 /* Resources */,
			);
			buildRules = (
			);
			dependencies = (
				235D0C3F19783E8D003051F7 /* PBXTargetDependency */,
			);
			name = NerdfeedTests;
			productName = NerdfeedTests;
			productReference = 235D0C3919783E8D003051F7 /* NerdfeedTests.xctest */;
			productType = "com.apple.product-type.bundle.unit-test";
		};
/* End PBXNativeTarget section */

/* Begin PBXProject section */
		235D0C1619783E8D003051F7 /* Project object */ = {
			isa = PBXProject;
			attributes = {
				CLASSPREFIX = BNR;
				LastUpgradeCheck = 0510;
				ORGANIZATIONNAME = "Big Nerd Ranch";
				TargetAttributes = {
					235D0C3819783E8D003051F7 = {
						TestTargetID = 235D0C1D19783E8D003051F7;
					};
				};
			};
			buildConfigurationList = 235D0C1919783E8D003051F7 /* Build configuration list for PBXProject "Nerdfeed" */;
			compatibilityVersion = "Xcode 3.2";
			developmentRegion = English;
			hasScannedForEncodings = 0;
			knownRegions = (
				en,
			);
			mainGroup = 235D0C1519783E8D003051F7;
			productRefGroup = 235D0C1F19783E8D003051F7 /* Products */;
			projectDirPath = "";
			projectRoot = "";
			targets = (
				235D0C1D19783E8D003051F7 /* Nerdfeed */,
				235D0C3819783E8D003051F7 /* NerdfeedTests */,
			);
		};
/* End PBXProject section */

/* Begin PBXResourcesBuildPhase section */
		235D0C1C19783E8D003051F7 /* Resources */ = {
			isa = PBXResourcesBuildPhase;
			buildActionMask = 2147483647;
			files = (
				235D0C2C19783E8D003051F7 /* InfoPlist.strings in Resources */,
				235D0C3419783E8D003051F7 /* Images.xcassets in Resources */,
			);
			runOnlyForDeploymentPostprocessing = 0;
		};
		235D0C3719783E8D003051F7 /* Resources */ = {
			isa = PBXResourcesBuildPhase;
			buildActionMask = 2147483647;
			files = (
				235D0C4519783E8D003051F7 /* InfoPlist.strings in Resources */,
			);
			runOnlyForDeploymentPostprocessing = 0;
		};
/* End PBXResourcesBuildPhase section */

/* Begin PBXSourcesBuildPhase section */
		235D0C1A19783E8D003051F7 /* Sources */ = {
			isa = PBXSourcesBuildPhase;
			buildActionMask = 2147483647;
			files = (
				235D0C5819784CA9003051F7 /* BNRWebViewController.m in Sources */,
				235D0C2E19783E8D003051F7 /* main.m in Sources */,
				235D0C3219783E8D003051F7 /* BNRAppDelegate.m in Sources */,
				235D0C5219783EB7003051F7 /* BNRCoursesViewController.m in Sources */,
			);
			runOnlyForDeploymentPostprocessing = 0;
		};
		235D0C3519783E8D003051F7 /* Sources */ = {
			isa = PBXSourcesBuildPhase;
			buildActionMask = 2147483647;
			files = (
				235D0C4719783E8D003051F7 /* NerdfeedTests.m in Sources */,
			);
			runOnlyForDeploymentPostprocessing = 0;
		};
/* End PBXSourcesBuildPhase section */

/* Begin PBXTargetDependency section */
		235D0C3F19783E8D003051F7 /* PBXTargetDependency */ = {
			isa = PBXTargetDependency;
			target = 235D0C1D19783E8D003051F7 /* Nerdfeed */;
			targetProxy = 235D0C3E19783E8D003051F7 /* PBXContainerItemProxy */;
		};
/* End PBXTargetDependency section */

/* Begin PBXVariantGroup section */
		235D0C2A19783E8D003051F7 /* InfoPlist.strings */ = {
			isa = PBXVariantGroup;
			children = (
				235D0C2B19783E8D003051F7 /* en */,
			);
			name = InfoPlist.strings;
			sourceTree = "<group>";
		};
		235D0C4319783E8D003051F7 /* InfoPlist.strings */ = {
			isa = PBXVariantGroup;
			children = (
				235D0C4419783E8D003051F7 /* en */,
			);
			name = InfoPlist.strings;
			sourceTree = "<group>";
		};
/* End PBXVariantGroup section */

/* Begin XCBuildConfiguration section */
		235D0C4819783E8D003051F7 /* Debug */ = {
			isa = XCBuildConfiguration;
			buildSettings = {
				ALWAYS_SEARCH_USER_PATHS = NO;
				CLANG_CXX_LANGUAGE_STANDARD = "gnu++0x";
				CLANG_CXX_LIBRARY = "libc++";
				CLANG_ENABLE_MODULES = YES;
				CLANG_ENABLE_OBJC_ARC = YES;
				CLANG_WARN_BOOL_CONVERSION = YES;
				CLANG_WARN_CONSTANT_CONVERSION = YES;
				CLANG_WARN_DIRECT_OBJC_ISA_USAGE = YES_ERROR;
				CLANG_WARN_EMPTY_BODY = YES;
				CLANG_WARN_ENUM_CONVERSION = YES;
				CLANG_WARN_INT_CONVERSION = YES;
				CLANG_WARN_OBJC_ROOT_CLASS = YES_ERROR;
				CLANG_WARN__DUPLICATE_METHOD_MATCH = YES;
				"CODE_SIGN_IDENTITY[sdk=iphoneos*]" = "iPhone Developer";
				COPY_PHASE_STRIP = NO;
				GCC_C_LANGUAGE_STANDARD = gnu99;
				GCC_DYNAMIC_NO_PIC = NO;
				GCC_OPTIMIZATION_LEVEL = 0;
				GCC_PREPROCESSOR_DEFINITIONS = (
					"DEBUG=1",
					"$(inherited)",
				);
				GCC_SYMBOLS_PRIVATE_EXTERN = NO;
				GCC_WARN_64_TO_32_BIT_CONVERSION = YES;
				GCC_WARN_ABOUT_RETURN_TYPE = YES_ERROR;
				GCC_WARN_UNDECLARED_SELECTOR = YES;
				GCC_WARN_UNINITIALIZED_AUTOS = YES_AGGRESSIVE;
				GCC_WARN_UNUSED_FUNCTION = YES;
				GCC_WARN_UNUSED_VARIABLE = YES;
				IPHONEOS_DEPLOYMENT_TARGET = 7.1;
				ONLY_ACTIVE_ARCH = YES;
				SDKROOT = iphoneos;
				TARGETED_DEVICE_FAMILY = 2;
			};
			name = Debug;
		};
		235D0C4919783E8D003051F7 /* Release */ = {
			isa = XCBuildConfiguration;
			buildSettings = {
				ALWAYS_SEARCH_USER_PATHS = NO;
				CLANG_CXX_LANGUAGE_STANDARD = "gnu++0x";
				CLANG_CXX_LIBRARY = "libc++";
				CLANG_ENABLE_MODULES = YES;
				CLANG_ENABLE_OBJC_ARC = YES;
				CLANG_WARN_BOOL_CONVERSION = YES;
				CLANG_WARN_CONSTANT_CONVERSION = YES;
				CLANG_WARN_DIRECT_OBJC_ISA_USAGE = YES_ERROR;
				CLANG_WARN_EMPTY_BODY = YES;
				CLANG_WARN_ENUM_CONVERSION = YES;
				CLANG_WARN_INT_CONVERSION = YES;
				CLANG_WARN_OBJC_ROOT_CLASS = YES_ERROR;
				CLANG_WARN__DUPLICATE_METHOD_MATCH = YES;
				"CODE_SIGN_IDENTITY[sdk=iphoneos*]" = "iPhone Developer";
				COPY_PHASE_STRIP = YES;
				ENABLE_NS_ASSERTIONS = NO;
				GCC_C_LANGUAGE_STANDARD = gnu99;
				GCC_WARN_64_TO_32_BIT_CONVERSION = YES;
				GCC_WARN_ABOUT_RETURN_TYPE = YES_ERROR;
				GCC_WARN_UNDECLARED_SELECTOR = YES;
				GCC_WARN_UNINITIALIZED_AUTOS = YES_AGGRESSIVE;
				GCC_WARN_UNUSED_FUNCTION = YES;
				GCC_WARN_UNUSED_VARIABLE = YES;
				IPHONEOS_DEPLOYMENT_TARGET = 7.1;
				SDKROOT = iphoneos;
				TARGETED_DEVICE_FAMILY = 2;
				VALIDATE_PRODUCT = YES;
			};
			name = Release;
		};
		235D0C4B19783E8D003051F7 /* Debug */ = {
			isa = XCBuildConfiguration;
			buildSettings = {
				ASSETCATALOG_COMPILER_APPICON_NAME = AppIcon;
				ASSETCATALOG_COMPILER_LAUNCHIMAGE_NAME = LaunchImage;
				GCC_PRECOMPILE_PREFIX_HEADER = YES;
				GCC_PREFIX_HEADER = "Nerdfeed/Nerdfeed-Prefix.pch";
				INFOPLIST_FILE = "Nerdfeed/Nerdfeed-Info.plist";
				PRODUCT_NAME = "$(TARGET_NAME)";
				WRAPPER_EXTENSION = app;
			};
			name = Debug;
		};
		235D0C4C19783E8D003051F7 /* Release */ = {
			isa = XCBuildConfiguration;
			buildSettings = {
				ASSETCATALOG_COMPILER_APPICON_NAME = AppIcon;
				ASSETCATALOG_COMPILER_LAUNCHIMAGE_NAME = LaunchImage;
				GCC_PRECOMPILE_PREFIX_HEADER = YES;
				GCC_PREFIX_HEADER = "Nerdfeed/Nerdfeed-Prefix.pch";
				INFOPLIST_FILE = "Nerdfeed/Nerdfeed-Info.plist";
				PRODUCT_NAME = "$(TARGET_NAME)";
				WRAPPER_EXTENSION = app;
			};
			name = Release;
		};
		235D0C4E19783E8D003051F7 /* Debug */ = {
			isa = XCBuildConfiguration;
			buildSettings = {
				BUNDLE_LOADER = "$(BUILT_PRODUCTS_DIR)/Nerdfeed.app/Nerdfeed";
				FRAMEWORK_SEARCH_PATHS = (
					"$(SDKROOT)/Developer/Library/Frameworks",
					"$(inherited)",
					"$(DEVELOPER_FRAMEWORKS_DIR)",
				);
				GCC_PRECOMPILE_PREFIX_HEADER = YES;
				GCC_PREFIX_HEADER = "Nerdfeed/Nerdfeed-Prefix.pch";
				GCC_PREPROCESSOR_DEFINITIONS = (
					"DEBUG=1",
					"$(inherited)",
				);
				INFOPLIST_FILE = "NerdfeedTests/NerdfeedTests-Info.plist";
				PRODUCT_NAME = "$(TARGET_NAME)";
				TEST_HOST = "$(BUNDLE_LOADER)";
				WRAPPER_EXTENSION = xctest;
			};
			name = Debug;
		};
		235D0C4F19783E8D003051F7 /* Release */ = {
			isa = XCBuildConfiguration;
			buildSettings = {
				BUNDLE_LOADER = "$(BUILT_PRODUCTS_DIR)/Nerdfeed.app/Nerdfeed";
				FRAMEWORK_SEARCH_PATHS = (
					"$(SDKROOT)/Developer/Library/Frameworks",
					"$(inherited)",
					"$(DEVELOPER_FRAMEWORKS_DIR)",
				);
				GCC_PRECOMPILE_PREFIX_HEADER = YES;
				GCC_PREFIX_HEADER = "Nerdfeed/Nerdfeed-Prefix.pch";
				INFOPLIST_FILE = "NerdfeedTests/NerdfeedTests-Info.plist";
				PRODUCT_NAME = "$(TARGET_NAME)";
				TEST_HOST = "$(BUNDLE_LOADER)";
				WRAPPER_EXTENSION = xctest;
			};
			name = Release;
		};
/* End XCBuildConfiguration section */

/* Begin XCConfigurationList section */
		235D0C1919783E8D003051F7 /* Build configuration list for PBXProject "Nerdfeed" */ = {
			isa = XCConfigurationList;
			buildConfigurations = (
				235D0C4819783E8D003051F7 /* Debug */,
				235D0C4919783E8D003051F7 /* Release */,
			);
			defaultConfigurationIsVisible = 0;
			defaultConfigurationName = Release;
		};
		235D0C4A19783E8D003051F7 /* Build configuration list for PBXNativeTarget "Nerdfeed" */ = {
			isa = XCConfigurationList;
			buildConfigurations = (
				235D0C4B19783E8D003051F7 /* Debug */,
				235D0C4C19783E8D003051F7 /* Release */,
			);
			defaultConfigurationIsVisible = 0;
		};
		235D0C4D19783E8D003051F7 /* Build configuration list for PBXNativeTarget "NerdfeedTests" */ = {
			isa = XCConfigurationList;
			buildConfigurations = (
				235D0C4E19783E8D003051F7 /* Debug */,
				235D0C4F19783E8D003051F7 /* Release */,
			);
			defaultConfigurationIsVisible = 0;
		};
/* End XCConfigurationList section */
	};
	rootObject = 235D0C1619783E8D003051F7 /* Project object */;
}
